github.com/chronos-tachyon/go-emitter v0.1.0 h1:7z1oIYBeRN78+e1hsS+9XaYdFlDAamr7fTIz/RTovQ0=
github.com/chronos-tachyon/go-emitter v0.1.0/go.mod h1:v57/ItRL4y8/ueoWIGAvBPYAElpK0WawG818iOYWQeU=
github.com/chronos-tachyon/go-emitter v0.2.0 h1:7gYkUTMNGxn1PybujlPqgPGggiUSttB+m0iZQYFWdXA=
github.com/chronos-tachyon/go-emitter v0.2.0/go.mod h1:v57/ItRL4y8/ueoWIGAvBPYAElpK0WawG818iOYWQeU=
